<Solution>
  <Configurations>
    <Platform Name="x64" />
    <Platform Name="x86" />
  </Configurations>
  <Project Path="BoardsToProcess/BoardsToProcess.vcxproj" Id="dee9fce2-2b64-4335-868d-42162868edbd" />
  <Project Path="BPlusTreeHybrid/BPlusTreeHybrid.vcxproj" Id="7f9f0d90-47d0-4095-ad76-23e35d2da5c8" />
  <Project Path="BPlusTreeTester/BPlusTreeTester.vcxproj" Id="2911d3c9-f76c-407b-a9b2-cb13cf53c340" />
  <Project Path="BPlusTreeTester2/BPlusTreeTester2.vcxproj" Id="db0485a8-9ca8-4c55-b994-3e7346e5a9c0" />
  <Project Path="OthelloBasics/OthelloBasics.vcxproj" Id="2cc52c70-80f3-4700-9e46-0f6b1c077667" />
  <Project Path="OthelloBasicsForCUDA/OthelloBasicsForCUDA.vcxproj" Id="375f3354-bf89-48cd-8405-d660fa4a3983" />
  <Project Path="OthelloEnumerator/OthelloEnumerator.vcxproj" Id="412972d8-f9f4-484c-a5bf-970ace32ee36" />
  <Project Path="OthelloLevelEnumerator/OthelloLevelEnumerator.vcxproj" Id="fda7268a-0b6e-455c-9878-89e81509974e" />
  <Project Path="OthelloLevelEnumeratorStatus/OthelloLevelEnumeratorStatus.vcxproj" Id="a07259cb-3b7f-4dac-b1bf-587ff4b79ab4" />
  <Project Path="OthelloSolverCommandLine/OthelloSolverCommandLine.vcxproj" Id="5074bfae-6b02-442e-b799-2e262eb46810" />
  <Project Path="OthelloSolverCuda/OthelloSolverCuda.vcxproj">
    <Platform Project="x64" />
  </Project>
  <Project Path="OthelloSolverMFCandCUDA/OthelloSolverMFCandCUDA.vcxproj" />
  <Project Path="OthelloSolverMultithreaded/OthelloSolverMultithreaded.vcxproj" />
  <Project Path="OthelloSolverUsingBplusOnly/OthelloSolverUsingBplusOnly.vcxproj" Id="c044278e-6eb6-4713-a49a-9c77db194d36" />
  <Project Path="TieredStoreAndBPlusTreeTester/TieredStoreAndBPlusTreeTester.vcxproj" />
  <Project Path="TieredStoreComparisonTool/TieredStoreComparisonTool.vcxproj" Id="0e1af332-5934-4148-9727-8f32b7634cc6" />
  <Project Path="TieredStoreHybrid/TieredStoreHybrid.vcxproj" Id="b33503f7-585b-4d82-b0aa-77676c9c9838" />
  <Project Path="TieredStoreTester/TieredStoreTester.vcxproj" Id="a7594965-78af-4873-a5af-0458ad653e9d" />
  <Project Path="Utility/Utility.vcxproj" Id="1ff99cce-54c7-4bc7-b3bb-94ceae7e93a1" />
</Solution>
